
Microsoft Visual Studio Solution File, Format Version 12.00
# Visual Studio Version 16
VisualStudioVersion = 16.0.29123.88
MinimumVisualStudioVersion = 10.0.40219.1
Project("{2150E333-8FDC-42A3-9474-1A3956D46DE8}") = "Solution Items", "Solution Items", "{96975B09-2DA2-4E2A-A97A-C17A4B39B4C5}"
	ProjectSection(SolutionItems) = preProject
		Local.testsettings = Local.testsettings
	EndProjectSection
EndProject
Project("{9A19103F-16F7-4668-BE54-9A1E7A4F7556}") = "DroneDelivery-after", "DroneDelivery-after\DroneDelivery-after.csproj", "{ED1CA726-3504-400D-A864-9AE21ABE5E80}"
EndProject
Project("{9A19103F-16F7-4668-BE54-9A1E7A4F7556}") = "DroneDelivery.Common", "DroneDelivery.Common\DroneDelivery.Common.csproj", "{4E11CAF6-3BBC-4D3A-B5B3-D319B920ACB9}"
EndProject
Project("{9A19103F-16F7-4668-BE54-9A1E7A4F7556}") = "PackageService", "PackageService\PackageService.csproj", "{5DE567FC-935C-45CD-9D64-1D49B89E9CC2}"
EndProject
Global
	GlobalSection(SolutionConfigurationPlatforms) = preSolution
		Debug|Any CPU = Debug|Any CPU
		Release|Any CPU = Release|Any CPU
	EndGlobalSection
	GlobalSection(ProjectConfigurationPlatforms) = postSolution
		{ED1CA726-3504-400D-A864-9AE21ABE5E80}.Debug|Any CPU.ActiveCfg = Debug|Any CPU
		{ED1CA726-3504-400D-A864-9AE21ABE5E80}.Debug|Any CPU.Build.0 = Debug|Any CPU
		{ED1CA726-3504-400D-A864-9AE21ABE5E80}.Release|Any CPU.ActiveCfg = Release|Any CPU
		{ED1CA726-3504-400D-A864-9AE21ABE5E80}.Release|Any CPU.Build.0 = Release|Any CPU
		{4E11CAF6-3BBC-4D3A-B5B3-D319B920ACB9}.Debug|Any CPU.ActiveCfg = Debug|Any CPU
		{4E11CAF6-3BBC-4D3A-B5B3-D319B920ACB9}.Debug|Any CPU.Build.0 = Debug|Any CPU
		{4E11CAF6-3BBC-4D3A-B5B3-D319B920ACB9}.Release|Any CPU.ActiveCfg = Release|Any CPU
		{4E11CAF6-3BBC-4D3A-B5B3-D319B920ACB9}.Release|Any CPU.Build.0 = Release|Any CPU
		{5DE567FC-935C-45CD-9D64-1D49B89E9CC2}.Debug|Any CPU.ActiveCfg = Debug|Any CPU
		{5DE567FC-935C-45CD-9D64-1D49B89E9CC2}.Debug|Any CPU.Build.0 = Debug|Any CPU
		{5DE567FC-935C-45CD-9D64-1D49B89E9CC2}.Release|Any CPU.ActiveCfg = Release|Any CPU
		{5DE567FC-935C-45CD-9D64-1D49B89E9CC2}.Release|Any CPU.Build.0 = Release|Any CPU
	EndGlobalSection
	GlobalSection(SolutionProperties) = preSolution
		HideSolutionNode = FALSE
	EndGlobalSection
	GlobalSection(ExtensibilityGlobals) = postSolution
		SolutionGuid = {2389C4E8-6EFD-40DE-96FD-65E2B85DC651}
	EndGlobalSection
EndGlobal
