
Microsoft Visual Studio Solution File, Format Version 12.00
# Visual Studio 15
VisualStudioVersion = 15.0.28307.572
MinimumVisualStudioVersion = 10.0.40219.1
Project("{9A19103F-16F7-4668-BE54-9A1E7A4F7556}") = "DroneDelivery-before", "DroneDelivery-before\DroneDelivery-before.csproj", "{EF64D1F0-26D3-4AEA-92B5-4A07965EABAF}"
EndProject
Project("{FAE04EC0-301F-11D3-BF4B-00C04F79EFBC}") = "WebAndLoadTestProject", "WebAndLoadTestProject\WebAndLoadTestProject.csproj", "{F540B126-D659-4DA5-B128-E18E17807E51}"
EndProject
Project("{2150E333-8FDC-42A3-9474-1A3956D46DE8}") = "Solution Items", "Solution Items", "{96975B09-2DA2-4E2A-A97A-C17A4B39B4C5}"
	ProjectSection(SolutionItems) = preProject
		Local.testsettings = Local.testsettings
	EndProjectSection
EndProject
Project("{2150E333-8FDC-42A3-9474-1A3956D46DE8}") = "1 - Before", "1 - Before", "{17C9DB9E-45C0-4F10-BE66-B2F4A008DC8C}"
EndProject
Project("{2150E333-8FDC-42A3-9474-1A3956D46DE8}") = "2 - After", "2 - After", "{76F9E5B0-672E-4B5A-93C7-07E418F0D1CA}"
EndProject
Project("{9A19103F-16F7-4668-BE54-9A1E7A4F7556}") = "DroneDelivery-after", "DroneDelivery-after\DroneDelivery-after.csproj", "{ED1CA726-3504-400D-A864-9AE21ABE5E80}"
EndProject
Project("{9A19103F-16F7-4668-BE54-9A1E7A4F7556}") = "DroneDelivery.Common", "DroneDelivery.Common\DroneDelivery.Common.csproj", "{4E11CAF6-3BBC-4D3A-B5B3-D319B920ACB9}"
EndProject
Project("{9A19103F-16F7-4668-BE54-9A1E7A4F7556}") = "PackageService", "PackageService\PackageService.csproj", "{5DE567FC-935C-45CD-9D64-1D49B89E9CC2}"
EndProject
Global
	GlobalSection(SolutionConfigurationPlatforms) = preSolution
		Debug|Any CPU = Debug|Any CPU
		Release|Any CPU = Release|Any CPU
	EndGlobalSection
	GlobalSection(ProjectConfigurationPlatforms) = postSolution
		{EF64D1F0-26D3-4AEA-92B5-4A07965EABAF}.Debug|Any CPU.ActiveCfg = Debug|Any CPU
		{EF64D1F0-26D3-4AEA-92B5-4A07965EABAF}.Debug|Any CPU.Build.0 = Debug|Any CPU
		{EF64D1F0-26D3-4AEA-92B5-4A07965EABAF}.Release|Any CPU.ActiveCfg = Release|Any CPU
		{EF64D1F0-26D3-4AEA-92B5-4A07965EABAF}.Release|Any CPU.Build.0 = Release|Any CPU
		{F540B126-D659-4DA5-B128-E18E17807E51}.Debug|Any CPU.ActiveCfg = Debug|Any CPU
		{F540B126-D659-4DA5-B128-E18E17807E51}.Debug|Any CPU.Build.0 = Debug|Any CPU
		{F540B126-D659-4DA5-B128-E18E17807E51}.Release|Any CPU.ActiveCfg = Release|Any CPU
		{F540B126-D659-4DA5-B128-E18E17807E51}.Release|Any CPU.Build.0 = Release|Any CPU
		{ED1CA726-3504-400D-A864-9AE21ABE5E80}.Debug|Any CPU.ActiveCfg = Debug|Any CPU
		{ED1CA726-3504-400D-A864-9AE21ABE5E80}.Debug|Any CPU.Build.0 = Debug|Any CPU
		{ED1CA726-3504-400D-A864-9AE21ABE5E80}.Release|Any CPU.ActiveCfg = Release|Any CPU
		{ED1CA726-3504-400D-A864-9AE21ABE5E80}.Release|Any CPU.Build.0 = Release|Any CPU
		{4E11CAF6-3BBC-4D3A-B5B3-D319B920ACB9}.Debug|Any CPU.ActiveCfg = Debug|Any CPU
		{4E11CAF6-3BBC-4D3A-B5B3-D319B920ACB9}.Debug|Any CPU.Build.0 = Debug|Any CPU
		{4E11CAF6-3BBC-4D3A-B5B3-D319B920ACB9}.Release|Any CPU.ActiveCfg = Release|Any CPU
		{4E11CAF6-3BBC-4D3A-B5B3-D319B920ACB9}.Release|Any CPU.Build.0 = Release|Any CPU
		{5DE567FC-935C-45CD-9D64-1D49B89E9CC2}.Debug|Any CPU.ActiveCfg = Debug|Any CPU
		{5DE567FC-935C-45CD-9D64-1D49B89E9CC2}.Debug|Any CPU.Build.0 = Debug|Any CPU
		{5DE567FC-935C-45CD-9D64-1D49B89E9CC2}.Release|Any CPU.ActiveCfg = Release|Any CPU
		{5DE567FC-935C-45CD-9D64-1D49B89E9CC2}.Release|Any CPU.Build.0 = Release|Any CPU
	EndGlobalSection
	GlobalSection(SolutionProperties) = preSolution
		HideSolutionNode = FALSE
	EndGlobalSection
	GlobalSection(NestedProjects) = preSolution
		{EF64D1F0-26D3-4AEA-92B5-4A07965EABAF} = {17C9DB9E-45C0-4F10-BE66-B2F4A008DC8C}
		{ED1CA726-3504-400D-A864-9AE21ABE5E80} = {76F9E5B0-672E-4B5A-93C7-07E418F0D1CA}
		{5DE567FC-935C-45CD-9D64-1D49B89E9CC2} = {76F9E5B0-672E-4B5A-93C7-07E418F0D1CA}
	EndGlobalSection
	GlobalSection(ExtensibilityGlobals) = postSolution
		SolutionGuid = {2389C4E8-6EFD-40DE-96FD-65E2B85DC651}
	EndGlobalSection
EndGlobal
